
Microsoft Visual Studio Solution File, Format Version 12.00
# Visual Studio Version 16
VisualStudioVersion = 16.0.34114.132
MinimumVisualStudioVersion = 10.0.40219.1
Project("{9A19103F-16F7-4668-BE54-9A1E7A4F7556}") = "JayoMidiPlugin", "JayoMidiPlugin.csproj", "{79A1E445-C17C-4537-9CF0-A0465303F2C8}"
EndProject
Project("{9A19103F-16F7-4668-BE54-9A1E7A4F7556}") = "JayoOBSPlugin", "..\..\..\source\repos\JayoOBSPlugin\JayoOBSPlugin\JayoOBSPlugin.csproj", "{6C7762CA-34E4-4B15-BD48-F06E731B681C}"
EndProject
Project("{9A19103F-16F7-4668-BE54-9A1E7A4F7556}") = "JayoVMCPlugin", "..\..\..\source\repos\JayoVMCPlugin\JayoVMCPlugin\JayoVMCPlugin.csproj", "{2CB06BA5-172F-4FE6-8D37-6C7DAF06E95F}"
EndProject
Project("{9A19103F-16F7-4668-BE54-9A1E7A4F7556}") = "JayoPoiyomiPlugin", "..\..\..\source\repos\JayoPoiyomiPlugin\JayoPoiyomiPlugin\JayoPoiyomiPlugin.csproj", "{5F782132-10C7-48B4-AF26-9343CB281A68}"
EndProject
Project("{9A19103F-16F7-4668-BE54-9A1E7A4F7556}") = "JayoMidiControllerAnimator", "..\..\..\source\repos\JayoMidiControllerAnimator\JayoMidiControllerAnimator\JayoMidiControllerAnimator.csproj", "{DF4A50BE-7AB4-4DAC-938C-99E27B7E7281}"
EndProject
Project("{9A19103F-16F7-4668-BE54-9A1E7A4F7556}") = "VirtualRemotePresenceProtocol", "..\..\..\source\repos\VirtualRemotePresenceProtocol\VirtualRemotePresenceProtocol\VirtualRemotePresenceProtocol.csproj", "{F89817BE-1E61-4872-9842-80C2B014E3A9}"
EndProject
Project("{9A19103F-16F7-4668-BE54-9A1E7A4F7556}") = "JayoVNyanToolsPlugin", "..\..\..\source\repos\JayoVNyanToolsPlugin\JayoVNyanToolsPlugin\JayoVNyanToolsPlugin.csproj", "{E5BA0ECC-B511-4207-86E9-B4E8BDA9E326}"
EndProject
Project("{9A19103F-16F7-4668-BE54-9A1E7A4F7556}") = "JayoStageManagerPlugin", "..\..\..\source\repos\JayoStageManagerPlugin\JayoStageManagerPlugin\JayoStageManagerPlugin.csproj", "{CED1D73D-7DA2-4E24-A86B-6BE69B274FBC}"
EndProject
Project("{FAE04EC0-301F-11D3-BF4B-00C04F79EFBC}") = "JayoShaderPlugin", "..\..\..\source\repos\JayoShaderPlugin\JayoShaderPlugin\JayoShaderPlugin.csproj", "{6DD6DB5A-CADF-4D88-91BA-3E3630F16735}"
EndProject
Global
	GlobalSection(SolutionConfigurationPlatforms) = preSolution
		Debug|Any CPU = Debug|Any CPU
		Release|Any CPU = Release|Any CPU
	EndGlobalSection
	GlobalSection(ProjectConfigurationPlatforms) = postSolution
		{79A1E445-C17C-4537-9CF0-A0465303F2C8}.Debug|Any CPU.ActiveCfg = Debug|Any CPU
		{79A1E445-C17C-4537-9CF0-A0465303F2C8}.Debug|Any CPU.Build.0 = Debug|Any CPU
		{79A1E445-C17C-4537-9CF0-A0465303F2C8}.Release|Any CPU.ActiveCfg = Release|Any CPU
		{79A1E445-C17C-4537-9CF0-A0465303F2C8}.Release|Any CPU.Build.0 = Release|Any CPU
		{6C7762CA-34E4-4B15-BD48-F06E731B681C}.Debug|Any CPU.ActiveCfg = Debug|Any CPU
		{6C7762CA-34E4-4B15-BD48-F06E731B681C}.Debug|Any CPU.Build.0 = Debug|Any CPU
		{6C7762CA-34E4-4B15-BD48-F06E731B681C}.Release|Any CPU.ActiveCfg = Release|Any CPU
		{6C7762CA-34E4-4B15-BD48-F06E731B681C}.Release|Any CPU.Build.0 = Release|Any CPU
		{2CB06BA5-172F-4FE6-8D37-6C7DAF06E95F}.Debug|Any CPU.ActiveCfg = Debug|Any CPU
		{2CB06BA5-172F-4FE6-8D37-6C7DAF06E95F}.Debug|Any CPU.Build.0 = Debug|Any CPU
		{2CB06BA5-172F-4FE6-8D37-6C7DAF06E95F}.Release|Any CPU.ActiveCfg = Release|Any CPU
		{2CB06BA5-172F-4FE6-8D37-6C7DAF06E95F}.Release|Any CPU.Build.0 = Release|Any CPU
		{5F782132-10C7-48B4-AF26-9343CB281A68}.Debug|Any CPU.ActiveCfg = Debug|Any CPU
		{5F782132-10C7-48B4-AF26-9343CB281A68}.Debug|Any CPU.Build.0 = Debug|Any CPU
		{5F782132-10C7-48B4-AF26-9343CB281A68}.Release|Any CPU.ActiveCfg = Release|Any CPU
		{5F782132-10C7-48B4-AF26-9343CB281A68}.Release|Any CPU.Build.0 = Release|Any CPU
		{DF4A50BE-7AB4-4DAC-938C-99E27B7E7281}.Debug|Any CPU.ActiveCfg = Debug|Any CPU
		{DF4A50BE-7AB4-4DAC-938C-99E27B7E7281}.Debug|Any CPU.Build.0 = Debug|Any CPU
		{DF4A50BE-7AB4-4DAC-938C-99E27B7E7281}.Release|Any CPU.ActiveCfg = Release|Any CPU
		{DF4A50BE-7AB4-4DAC-938C-99E27B7E7281}.Release|Any CPU.Build.0 = Release|Any CPU
		{F89817BE-1E61-4872-9842-80C2B014E3A9}.Debug|Any CPU.ActiveCfg = Debug|Any CPU
		{F89817BE-1E61-4872-9842-80C2B014E3A9}.Debug|Any CPU.Build.0 = Debug|Any CPU
		{F89817BE-1E61-4872-9842-80C2B014E3A9}.Release|Any CPU.ActiveCfg = Release|Any CPU
		{F89817BE-1E61-4872-9842-80C2B014E3A9}.Release|Any CPU.Build.0 = Release|Any CPU
		{E5BA0ECC-B511-4207-86E9-B4E8BDA9E326}.Debug|Any CPU.ActiveCfg = Debug|Any CPU
		{E5BA0ECC-B511-4207-86E9-B4E8BDA9E326}.Debug|Any CPU.Build.0 = Debug|Any CPU
		{E5BA0ECC-B511-4207-86E9-B4E8BDA9E326}.Release|Any CPU.ActiveCfg = Release|Any CPU
		{E5BA0ECC-B511-4207-86E9-B4E8BDA9E326}.Release|Any CPU.Build.0 = Release|Any CPU
		{CED1D73D-7DA2-4E24-A86B-6BE69B274FBC}.Debug|Any CPU.ActiveCfg = Debug|Any CPU
		{CED1D73D-7DA2-4E24-A86B-6BE69B274FBC}.Debug|Any CPU.Build.0 = Debug|Any CPU
		{CED1D73D-7DA2-4E24-A86B-6BE69B274FBC}.Release|Any CPU.ActiveCfg = Release|Any CPU
		{CED1D73D-7DA2-4E24-A86B-6BE69B274FBC}.Release|Any CPU.Build.0 = Release|Any CPU
		{6DD6DB5A-CADF-4D88-91BA-3E3630F16735}.Debug|Any CPU.ActiveCfg = Debug|Any CPU
		{6DD6DB5A-CADF-4D88-91BA-3E3630F16735}.Debug|Any CPU.Build.0 = Debug|Any CPU
		{6DD6DB5A-CADF-4D88-91BA-3E3630F16735}.Release|Any CPU.ActiveCfg = Release|Any CPU
		{6DD6DB5A-CADF-4D88-91BA-3E3630F16735}.Release|Any CPU.Build.0 = Release|Any CPU
	EndGlobalSection
	GlobalSection(SolutionProperties) = preSolution
		HideSolutionNode = FALSE
	EndGlobalSection
	GlobalSection(ExtensibilityGlobals) = postSolution
		SolutionGuid = {F30D3473-1901-43B2-BF3B-B33E961A5F6E}
	EndGlobalSection
EndGlobal
